{
    "_readme": [
        "This file locks the dependencies of your project to a known state",
        "Read more about it at https://getcomposer.org/doc/01-basic-usage.md#installing-dependencies",
        "This file is @generated automatically"
    ],
    "content-hash": "f369468988f7ddaabf0a8c690d4307df",
    "packages": [
        {
            "name": "symfony/flex",
            "version": "v2.4.3",
            "source": {
                "type": "git",
                "url": "https://github.com/symfony/flex.git",
                "reference": "6b44ac75c7f07f48159ec36c2d21ef8cf48a21b1"
            },
            "dist": {
                "type": "zip",
                "url": "https://api.github.com/repos/symfony/flex/zipball/6b44ac75c7f07f48159ec36c2d21ef8cf48a21b1",
                "reference": "6b44ac75c7f07f48159ec36c2d21ef8cf48a21b1",
                "shasum": ""
            },
            "require": {
                "composer-plugin-api": "^2.1",
                "php": ">=8.0"
            },
            "require-dev": {
                "composer/composer": "^2.1",
                "symfony/dotenv": "^5.4|^6.0",
                "symfony/filesystem": "^5.4|^6.0",
                "symfony/phpunit-bridge": "^5.4|^6.0",
                "symfony/process": "^5.4|^6.0"
            },
            "type": "composer-plugin",
            "extra": {
                "class": "Symfony\\Flex\\Flex"
            },
            "autoload": {
                "psr-4": {
                    "Symfony\\Flex\\": "src"
                }
            },
            "notification-url": "https://packagist.org/downloads/",
            "license": [
                "MIT"
            ],
            "authors": [
                {
                    "name": "Fabien Potencier",
                    "email": "fabien.potencier@gmail.com"
                }
            ],
            "description": "Composer plugin for Symfony",
            "support": {
                "issues": "https://github.com/symfony/flex/issues",
                "source": "https://github.com/symfony/flex/tree/v2.4.3"
            },
            "funding": [
                {
                    "url": "https://symfony.com/sponsor",
                    "type": "custom"
                },
                {
                    "url": "https://github.com/fabpot",
                    "type": "github"
                },
                {
                    "url": "https://tidelift.com/funding/github/packagist/symfony/symfony",
                    "type": "tidelift"
                }
            ],
            "time": "2024-01-02T11:08:32+00:00"
        },
        {
            "name": "symfonycorp/platformsh-meta",
            "version": "v1.0.0",
            "source": {
                "type": "git",
                "url": "https://github.com/symfonycorp/platformsh-meta.git",
                "reference": "3e8559c75ed759921015cc7ebf5952c306afcaf8"
            },
            "dist": {
                "type": "zip",
                "url": "https://api.github.com/repos/symfonycorp/platformsh-meta/zipball/3e8559c75ed759921015cc7ebf5952c306afcaf8",
                "reference": "3e8559c75ed759921015cc7ebf5952c306afcaf8",
                "shasum": ""
            },
            "type": "metapackage",
            "notification-url": "https://packagist.org/downloads/",
            "license": [
                "MIT"
            ],
            "description": "A meta package for platformsh projects",
            "support": {
                "issues": "https://github.com/symfonycorp/platformsh-meta/issues",
                "source": "https://github.com/symfonycorp/platformsh-meta/tree/v1.0.0"
            },
            "funding": [
                {
                    "url": "https://tidelift.com/funding/github/packagist/symfonycorp/connect",
                    "type": "tidelift"
                }
            ],
            "time": "2021-10-20T16:38:02+00:00"
        }
    ],
    "packages-dev": [],
    "aliases": [],
    "minimum-stability": "stable",
    "stability-flags": [],
    "prefer-stable": true,
    "prefer-lowest": false,
    "platform": {
        "php": ">=8.2",
        "ext-ctype": "*",
        "ext-iconv": "*"
    },
    "platform-dev": [],
    "plugin-api-version": "2.6.0"
}
